// !$*UTF8*$!
{
	archiveVersion = 1;
	classes = {
	};
	objectVersion = 48;
	objects = {

/* Begin PBXBuildFile section */
		C2383DE61FA49760004C0F5E /* SDT Benchmarks.swift in Sources */ = {isa = PBXBuildFile; fileRef = C2750ADF1FA338FE00E44A32 /* SDT Benchmarks.swift */; };
		C2383DE71FA49760004C0F5E /* SDT IO.swift in Sources */ = {isa = PBXBuildFile; fileRef = C2750ADB1FA338FE00E44A32 /* SDT IO.swift */; };
		C2383DE81FA49760004C0F5E /* SDT QueueDispatch.swift in Sources */ = {isa = PBXBuildFile; fileRef = C2750ADC1FA338FE00E44A32 /* SDT QueueDispatch.swift */; };
		C2383DE91FA49760004C0F5E /* SDT Storage.swift in Sources */ = {isa = PBXBuildFile; fileRef = C2750ADE1FA338FE00E44A32 /* SDT Storage.swift */; };
		C2383DEA1FA49760004C0F5E /* SDT SuperSwift.swift in Sources */ = {isa = PBXBuildFile; fileRef = C2750AE11FA338FE00E44A32 /* SDT SuperSwift.swift */; };
		C2383DEB1FA49760004C0F5E /* SDT Benchmarks Tests.swift in Sources */ = {isa = PBXBuildFile; fileRef = C2875B811FA34516009DB99D /* SDT Benchmarks Tests.swift */; };
		C2750AE31FA338FE00E44A32 /* SDT IO.swift in Sources */ = {isa = PBXBuildFile; fileRef = C2750ADB1FA338FE00E44A32 /* SDT IO.swift */; };
		C2750AE41FA338FE00E44A32 /* SDT QueueDispatch.swift in Sources */ = {isa = PBXBuildFile; fileRef = C2750ADC1FA338FE00E44A32 /* SDT QueueDispatch.swift */; };
		C2750AE61FA338FE00E44A32 /* SDT Storage.swift in Sources */ = {isa = PBXBuildFile; fileRef = C2750ADE1FA338FE00E44A32 /* SDT Storage.swift */; };
		C2750AE71FA338FE00E44A32 /* SDT Benchmarks.swift in Sources */ = {isa = PBXBuildFile; fileRef = C2750ADF1FA338FE00E44A32 /* SDT Benchmarks.swift */; };
		C2750AE91FA338FE00E44A32 /* SDT SuperSwift.swift in Sources */ = {isa = PBXBuildFile; fileRef = C2750AE11FA338FE00E44A32 /* SDT SuperSwift.swift */; };
		C275B1AC1FA3382000137375 /* main.swift in Sources */ = {isa = PBXBuildFile; fileRef = C275B1AB1FA3382000137375 /* main.swift */; };
/* End PBXBuildFile section */

/* Begin PBXCopyFilesBuildPhase section */
		C275B1A61FA3382000137375 /* CopyFiles */ = {
			isa = PBXCopyFilesBuildPhase;
			buildActionMask = 2147483647;
			dstPath = /usr/share/man/man1/;
			dstSubfolderSpec = 0;
			files = (
			);
			runOnlyForDeploymentPostprocessing = 1;
		};
/* End PBXCopyFilesBuildPhase section */

/* Begin PBXFileReference section */
		C2383DDE1FA49752004C0F5E /* tests.xctest */ = {isa = PBXFileReference; explicitFileType = wrapper.cfbundle; includeInIndex = 0; path = tests.xctest; sourceTree = BUILT_PRODUCTS_DIR; };
		C2383DE21FA49752004C0F5E /* Info.plist */ = {isa = PBXFileReference; lastKnownFileType = text.plist.xml; path = Info.plist; sourceTree = "<group>"; };
		C2750ADB1FA338FE00E44A32 /* SDT IO.swift */ = {isa = PBXFileReference; fileEncoding = 4; lastKnownFileType = sourcecode.swift; path = "SDT IO.swift"; sourceTree = "<group>"; };
		C2750ADC1FA338FE00E44A32 /* SDT QueueDispatch.swift */ = {isa = PBXFileReference; fileEncoding = 4; lastKnownFileType = sourcecode.swift; path = "SDT QueueDispatch.swift"; sourceTree = "<group>"; };
		C2750ADE1FA338FE00E44A32 /* SDT Storage.swift */ = {isa = PBXFileReference; fileEncoding = 4; lastKnownFileType = sourcecode.swift; path = "SDT Storage.swift"; sourceTree = "<group>"; };
		C2750ADF1FA338FE00E44A32 /* SDT Benchmarks.swift */ = {isa = PBXFileReference; fileEncoding = 4; lastKnownFileType = sourcecode.swift; path = "SDT Benchmarks.swift"; sourceTree = "<group>"; };
		C2750AE11FA338FE00E44A32 /* SDT SuperSwift.swift */ = {isa = PBXFileReference; fileEncoding = 4; lastKnownFileType = sourcecode.swift; path = "SDT SuperSwift.swift"; sourceTree = "<group>"; };
		C275B1A81FA3382000137375 /* Swift Developer Tools */ = {isa = PBXFileReference; explicitFileType = "compiled.mach-o.executable"; includeInIndex = 0; path = "Swift Developer Tools"; sourceTree = BUILT_PRODUCTS_DIR; };
		C275B1AB1FA3382000137375 /* main.swift */ = {isa = PBXFileReference; lastKnownFileType = sourcecode.swift; path = main.swift; sourceTree = "<group>"; };
		C2875B811FA34516009DB99D /* SDT Benchmarks Tests.swift */ = {isa = PBXFileReference; lastKnownFileType = sourcecode.swift; path = "SDT Benchmarks Tests.swift"; sourceTree = "<group>"; };
/* End PBXFileReference section */

/* Begin PBXFrameworksBuildPhase section */
		C2383DDB1FA49752004C0F5E /* Frameworks */ = {
			isa = PBXFrameworksBuildPhase;
			buildActionMask = 2147483647;
			files = (
			);
			runOnlyForDeploymentPostprocessing = 0;
		};
		C275B1A51FA3382000137375 /* Frameworks */ = {
			isa = PBXFrameworksBuildPhase;
			buildActionMask = 2147483647;
			files = (
			);
			runOnlyForDeploymentPostprocessing = 0;
		};
/* End PBXFrameworksBuildPhase section */

/* Begin PBXGroup section */
		C2383DDF1FA49752004C0F5E /* tests */ = {
			isa = PBXGroup;
			children = (
				C2875B811FA34516009DB99D /* SDT Benchmarks Tests.swift */,
				C2383DE21FA49752004C0F5E /* Info.plist */,
			);
			path = tests;
			sourceTree = "<group>";
		};
		C2750AD91FA338E400E44A32 /* sources */ = {
			isa = PBXGroup;
			children = (
				C2750ADF1FA338FE00E44A32 /* SDT Benchmarks.swift */,
				C2750ADB1FA338FE00E44A32 /* SDT IO.swift */,
				C2750ADC1FA338FE00E44A32 /* SDT QueueDispatch.swift */,
				C2750ADE1FA338FE00E44A32 /* SDT Storage.swift */,
				C2750AE11FA338FE00E44A32 /* SDT SuperSwift.swift */,
			);
			path = sources;
			sourceTree = "<group>";
		};
		C275B19F1FA3382000137375 = {
			isa = PBXGroup;
			children = (
				C275B1AB1FA3382000137375 /* main.swift */,
				C2750AD91FA338E400E44A32 /* sources */,
				C2383DDF1FA49752004C0F5E /* tests */,
				C275B1A91FA3382000137375 /* Products */,
			);
			sourceTree = "<group>";
		};
		C275B1A91FA3382000137375 /* Products */ = {
			isa = PBXGroup;
			children = (
				C275B1A81FA3382000137375 /* Swift Developer Tools */,
				C2383DDE1FA49752004C0F5E /* tests.xctest */,
			);
			name = Products;
			sourceTree = "<group>";
		};
/* End PBXGroup section */

/* Begin PBXNativeTarget section */
		C2383DDD1FA49752004C0F5E /* tests */ = {
			isa = PBXNativeTarget;
			buildConfigurationList = C2383DE31FA49752004C0F5E /* Build configuration list for PBXNativeTarget "tests" */;
			buildPhases = (
				C2383DDA1FA49752004C0F5E /* Sources */,
				C2383DDB1FA49752004C0F5E /* Frameworks */,
				C2383DDC1FA49752004C0F5E /* Resources */,
			);
			buildRules = (
			);
			dependencies = (
			);
			name = tests;
			productName = tests;
			productReference = C2383DDE1FA49752004C0F5E /* tests.xctest */;
			productType = "com.apple.product-type.bundle.unit-test";
		};
		C275B1A71FA3382000137375 /* Swift Developer Tools */ = {
			isa = PBXNativeTarget;
			buildConfigurationList = C275B1AF1FA3382000137375 /* Build configuration list for PBXNativeTarget "Swift Developer Tools" */;
			buildPhases = (
				C275B1A41FA3382000137375 /* Sources */,
				C275B1A51FA3382000137375 /* Frameworks */,
				C275B1A61FA3382000137375 /* CopyFiles */,
			);
			buildRules = (
			);
			dependencies = (
			);
			name = "Swift Developer Tools";
			productName = "Swift Developer Tools";
			productReference = C275B1A81FA3382000137375 /* Swift Developer Tools */;
			productType = "com.apple.product-type.tool";
		};
/* End PBXNativeTarget section */

/* Begin PBXProject section */
		C275B1A01FA3382000137375 /* Project object */ = {
			isa = PBXProject;
			attributes = {
				LastSwiftUpdateCheck = 0900;
				LastUpgradeCheck = 0900;
				ORGANIZATIONNAME = "Marcel Kröker";
				TargetAttributes = {
					C2383DDD1FA49752004C0F5E = {
						CreatedOnToolsVersion = 9.0.1;
						ProvisioningStyle = Automatic;
					};
					C275B1A71FA3382000137375 = {
						CreatedOnToolsVersion = 9.0.1;
						ProvisioningStyle = Automatic;
					};
				};
			};
			buildConfigurationList = C275B1A31FA3382000137375 /* Build configuration list for PBXProject "Swift Developer Tools" */;
			compatibilityVersion = "Xcode 8.0";
			developmentRegion = en;
			hasScannedForEncodings = 0;
			knownRegions = (
				en,
			);
			mainGroup = C275B19F1FA3382000137375;
			productRefGroup = C275B1A91FA3382000137375 /* Products */;
			projectDirPath = "";
			projectRoot = "";
			targets = (
				C275B1A71FA3382000137375 /* Swift Developer Tools */,
				C2383DDD1FA49752004C0F5E /* tests */,
			);
		};
/* End PBXProject section */

/* Begin PBXResourcesBuildPhase section */
		C2383DDC1FA49752004C0F5E /* Resources */ = {
			isa = PBXResourcesBuildPhase;
			buildActionMask = 2147483647;
			files = (
			);
			runOnlyForDeploymentPostprocessing = 0;
		};
/* End PBXResourcesBuildPhase section */

/* Begin PBXSourcesBuildPhase section */
		C2383DDA1FA49752004C0F5E /* Sources */ = {
			isa = PBXSourcesBuildPhase;
			buildActionMask = 2147483647;
			files = (
				C2383DE61FA49760004C0F5E /* SDT Benchmarks.swift in Sources */,
				C2383DE71FA49760004C0F5E /* SDT IO.swift in Sources */,
				C2383DE81FA49760004C0F5E /* SDT QueueDispatch.swift in Sources */,
				C2383DE91FA49760004C0F5E /* SDT Storage.swift in Sources */,
				C2383DEA1FA49760004C0F5E /* SDT SuperSwift.swift in Sources */,
				C2383DEB1FA49760004C0F5E /* SDT Benchmarks Tests.swift in Sources */,
			);
			runOnlyForDeploymentPostprocessing = 0;
		};
		C275B1A41FA3382000137375 /* Sources */ = {
			isa = PBXSourcesBuildPhase;
			buildActionMask = 2147483647;
			files = (
				C2750AE61FA338FE00E44A32 /* SDT Storage.swift in Sources */,
				C2750AE91FA338FE00E44A32 /* SDT SuperSwift.swift in Sources */,
				C275B1AC1FA3382000137375 /* main.swift in Sources */,
				C2750AE71FA338FE00E44A32 /* SDT Benchmarks.swift in Sources */,
				C2750AE41FA338FE00E44A32 /* SDT QueueDispatch.swift in Sources */,
				C2750AE31FA338FE00E44A32 /* SDT IO.swift in Sources */,
			);
			runOnlyForDeploymentPostprocessing = 0;
		};
/* End PBXSourcesBuildPhase section */

/* Begin XCBuildConfiguration section */
		C2383DE41FA49752004C0F5E /* Debug */ = {
			isa = XCBuildConfiguration;
			buildSettings = {
				CODE_SIGN_STYLE = Automatic;
				COMBINE_HIDPI_IMAGES = YES;
				INFOPLIST_FILE = tests/Info.plist;
				LD_RUNPATH_SEARCH_PATHS = "$(inherited) @executable_path/../Frameworks @loader_path/../Frameworks";
				PRODUCT_BUNDLE_IDENTIFIER = Blubyte.tests;
				PRODUCT_NAME = "$(TARGET_NAME)";
				SWIFT_VERSION = 4.0;
			};
			name = Debug;
		};
		C2383DE51FA49752004C0F5E /* Release */ = {
			isa = XCBuildConfiguration;
			buildSettings = {
				CODE_SIGN_STYLE = Automatic;
				COMBINE_HIDPI_IMAGES = YES;
				INFOPLIST_FILE = tests/Info.plist;
				LD_RUNPATH_SEARCH_PATHS = "$(inherited) @executable_path/../Frameworks @loader_path/../Frameworks";
				PRODUCT_BUNDLE_IDENTIFIER = Blubyte.tests;
				PRODUCT_NAME = "$(TARGET_NAME)";
				SWIFT_VERSION = 4.0;
			};
			name = Release;
		};
		C275B1AD1FA3382000137375 /* Debug */ = {
			isa = XCBuildConfiguration;
			buildSettings = {
				ALWAYS_SEARCH_USER_PATHS = NO;
				CLANG_ANALYZER_NONNULL = YES;
				CLANG_ANALYZER_NUMBER_OBJECT_CONVERSION = YES_AGGRESSIVE;
				CLANG_CXX_LANGUAGE_STANDARD = "gnu++14";
				CLANG_CXX_LIBRARY = "libc++";
				CLANG_ENABLE_MODULES = YES;
				CLANG_ENABLE_OBJC_ARC = YES;
				CLANG_WARN_BLOCK_CAPTURE_AUTORELEASING = YES;
				CLANG_WARN_BOOL_CONVERSION = YES;
				CLANG_WARN_COMMA = YES;
				CLANG_WARN_CONSTANT_CONVERSION = YES;
				CLANG_WARN_DIRECT_OBJC_ISA_USAGE = YES_ERROR;
				CLANG_WARN_DOCUMENTATION_COMMENTS = YES;
				CLANG_WARN_EMPTY_BODY = YES;
				CLANG_WARN_ENUM_CONVERSION = YES;
				CLANG_WARN_INFINITE_RECURSION = YES;
				CLANG_WARN_INT_CONVERSION = YES;
				CLANG_WARN_NON_LITERAL_NULL_CONVERSION = YES;
				CLANG_WARN_OBJC_LITERAL_CONVERSION = YES;
				CLANG_WARN_OBJC_ROOT_CLASS = YES_ERROR;
				CLANG_WARN_RANGE_LOOP_ANALYSIS = YES;
				CLANG_WARN_STRICT_PROTOTYPES = YES;
				CLANG_WARN_SUSPICIOUS_MOVE = YES;
				CLANG_WARN_UNGUARDED_AVAILABILITY = YES_AGGRESSIVE;
				CLANG_WARN_UNREACHABLE_CODE = YES;
				CLANG_WARN__DUPLICATE_METHOD_MATCH = YES;
				CODE_SIGN_IDENTITY = "-";
				COPY_PHASE_STRIP = NO;
				DEBUG_INFORMATION_FORMAT = dwarf;
				ENABLE_STRICT_OBJC_MSGSEND = YES;
				ENABLE_TESTABILITY = YES;
				GCC_C_LANGUAGE_STANDARD = gnu11;
				GCC_DYNAMIC_NO_PIC = NO;
				GCC_NO_COMMON_BLOCKS = YES;
				GCC_OPTIMIZATION_LEVEL = 0;
				GCC_PREPROCESSOR_DEFINITIONS = (
					"DEBUG=1",
					"$(inherited)",
				);
				GCC_WARN_64_TO_32_BIT_CONVERSION = YES;
				GCC_WARN_ABOUT_RETURN_TYPE = YES_ERROR;
				GCC_WARN_UNDECLARED_SELECTOR = YES;
				GCC_WARN_UNINITIALIZED_AUTOS = YES_AGGRESSIVE;
				GCC_WARN_UNUSED_FUNCTION = YES;
				GCC_WARN_UNUSED_VARIABLE = YES;
				MACOSX_DEPLOYMENT_TARGET = 10.13;
				MTL_ENABLE_DEBUG_INFO = YES;
				ONLY_ACTIVE_ARCH = YES;
				SDKROOT = macosx;
				SWIFT_ACTIVE_COMPILATION_CONDITIONS = DEBUG;
				SWIFT_OPTIMIZATION_LEVEL = "-Onone";
			};
			name = Debug;
		};
		C275B1AE1FA3382000137375 /* Release */ = {
			isa = XCBuildConfiguration;
			buildSettings = {
				ALWAYS_SEARCH_USER_PATHS = NO;
				CLANG_ANALYZER_NONNULL = YES;
				CLANG_ANALYZER_NUMBER_OBJECT_CONVERSION = YES_AGGRESSIVE;
				CLANG_CXX_LANGUAGE_STANDARD = "gnu++14";
				CLANG_CXX_LIBRARY = "libc++";
				CLANG_ENABLE_MODULES = YES;
				CLANG_ENABLE_OBJC_ARC = YES;
				CLANG_WARN_BLOCK_CAPTURE_AUTORELEASING = YES;
				CLANG_WARN_BOOL_CONVERSION = YES;
				CLANG_WARN_COMMA = YES;
				CLANG_WARN_CONSTANT_CONVERSION = YES;
				CLANG_WARN_DIRECT_OBJC_ISA_USAGE = YES_ERROR;
				CLANG_WARN_DOCUMENTATION_COMMENTS = YES;
				CLANG_WARN_EMPTY_BODY = YES;
				CLANG_WARN_ENUM_CONVERSION = YES;
				CLANG_WARN_INFINITE_RECURSION = YES;
				CLANG_WARN_INT_CONVERSION = YES;
				CLANG_WARN_NON_LITERAL_NULL_CONVERSION = YES;
				CLANG_WARN_OBJC_LITERAL_CONVERSION = YES;
				CLANG_WARN_OBJC_ROOT_CLASS = YES_ERROR;
				CLANG_WARN_RANGE_LOOP_ANALYSIS = YES;
				CLANG_WARN_STRICT_PROTOTYPES = YES;
				CLANG_WARN_SUSPICIOUS_MOVE = YES;
				CLANG_WARN_UNGUARDED_AVAILABILITY = YES_AGGRESSIVE;
				CLANG_WARN_UNREACHABLE_CODE = YES;
				CLANG_WARN__DUPLICATE_METHOD_MATCH = YES;
				CODE_SIGN_IDENTITY = "-";
				COPY_PHASE_STRIP = NO;
				DEBUG_INFORMATION_FORMAT = "dwarf-with-dsym";
				ENABLE_NS_ASSERTIONS = NO;
				ENABLE_STRICT_OBJC_MSGSEND = YES;
				GCC_C_LANGUAGE_STANDARD = gnu11;
				GCC_NO_COMMON_BLOCKS = YES;
				GCC_WARN_64_TO_32_BIT_CONVERSION = YES;
				GCC_WARN_ABOUT_RETURN_TYPE = YES_ERROR;
				GCC_WARN_UNDECLARED_SELECTOR = YES;
				GCC_WARN_UNINITIALIZED_AUTOS = YES_AGGRESSIVE;
				GCC_WARN_UNUSED_FUNCTION = YES;
				GCC_WARN_UNUSED_VARIABLE = YES;
				MACOSX_DEPLOYMENT_TARGET = 10.13;
				MTL_ENABLE_DEBUG_INFO = NO;
				SDKROOT = macosx;
				SWIFT_OPTIMIZATION_LEVEL = "-Owholemodule";
			};
			name = Release;
		};
		C275B1B01FA3382000137375 /* Debug */ = {
			isa = XCBuildConfiguration;
			buildSettings = {
				CODE_SIGN_STYLE = Automatic;
				PRODUCT_NAME = "$(TARGET_NAME)";
				SWIFT_VERSION = 4.0;
			};
			name = Debug;
		};
		C275B1B11FA3382000137375 /* Release */ = {
			isa = XCBuildConfiguration;
			buildSettings = {
				CODE_SIGN_STYLE = Automatic;
				PRODUCT_NAME = "$(TARGET_NAME)";
				SWIFT_VERSION = 4.0;
			};
			name = Release;
		};
/* End XCBuildConfiguration section */

/* Begin XCConfigurationList section */
		C2383DE31FA49752004C0F5E /* Build configuration list for PBXNativeTarget "tests" */ = {
			isa = XCConfigurationList;
			buildConfigurations = (
				C2383DE41FA49752004C0F5E /* Debug */,
				C2383DE51FA49752004C0F5E /* Release */,
			);
			defaultConfigurationIsVisible = 0;
			defaultConfigurationName = Release;
		};
		C275B1A31FA3382000137375 /* Build configuration list for PBXProject "Swift Developer Tools" */ = {
			isa = XCConfigurationList;
			buildConfigurations = (
				C275B1AD1FA3382000137375 /* Debug */,
				C275B1AE1FA3382000137375 /* Release */,
			);
			defaultConfigurationIsVisible = 0;
			defaultConfigurationName = Release;
		};
		C275B1AF1FA3382000137375 /* Build configuration list for PBXNativeTarget "Swift Developer Tools" */ = {
			isa = XCConfigurationList;
			buildConfigurations = (
				C275B1B01FA3382000137375 /* Debug */,
				C275B1B11FA3382000137375 /* Release */,
			);
			defaultConfigurationIsVisible = 0;
			defaultConfigurationName = Release;
		};
/* End XCConfigurationList section */
	};
	rootObject = C275B1A01FA3382000137375 /* Project object */;
}
